
Microsoft Visual Studio Solution File, Format Version 12.00
# Visual Studio 15
VisualStudioVersion = 15.0.27703.2035
MinimumVisualStudioVersion = 10.0.40219.1
Project("{FAE04EC0-301F-11D3-BF4B-00C04F79EFBC}") = "ArriendosAutos", "ArriendosAutos\ArriendosAutos.csproj", "{894B4927-5AE7-4FF1-847E-F591BD0FD4CD}"
EndProject
Project("{FAE04EC0-301F-11D3-BF4B-00C04F79EFBC}") = "DatosAcceso", "DatosAcceso\DatosAcceso.csproj", "{A3AC43BA-944E-4AE7-A56A-EEA293ACA536}"
EndProject
Global
	GlobalSection(SolutionConfigurationPlatforms) = preSolution
		Debug|Any CPU = Debug|Any CPU
		Release|Any CPU = Release|Any CPU
	EndGlobalSection
	GlobalSection(ProjectConfigurationPlatforms) = postSolution
		{894B4927-5AE7-4FF1-847E-F591BD0FD4CD}.Debug|Any CPU.ActiveCfg = Debug|Any CPU
		{894B4927-5AE7-4FF1-847E-F591BD0FD4CD}.Debug|Any CPU.Build.0 = Debug|Any CPU
		{894B4927-5AE7-4FF1-847E-F591BD0FD4CD}.Release|Any CPU.ActiveCfg = Release|Any CPU
		{894B4927-5AE7-4FF1-847E-F591BD0FD4CD}.Release|Any CPU.Build.0 = Release|Any CPU
		{A3AC43BA-944E-4AE7-A56A-EEA293ACA536}.Debug|Any CPU.ActiveCfg = Debug|Any CPU
		{A3AC43BA-944E-4AE7-A56A-EEA293ACA536}.Debug|Any CPU.Build.0 = Debug|Any CPU
		{A3AC43BA-944E-4AE7-A56A-EEA293ACA536}.Release|Any CPU.ActiveCfg = Release|Any CPU
		{A3AC43BA-944E-4AE7-A56A-EEA293ACA536}.Release|Any CPU.Build.0 = Release|Any CPU
	EndGlobalSection
	GlobalSection(SolutionProperties) = preSolution
		HideSolutionNode = FALSE
	EndGlobalSection
	GlobalSection(ExtensibilityGlobals) = postSolution
		SolutionGuid = {8ADDBAAD-DF85-4926-9FBD-2A935106B1B6}
	EndGlobalSection
EndGlobal
